
Microsoft Visual Studio Solution File, Format Version 12.00
# Visual Studio Version 17
VisualStudioVersion = 17.13.35806.99
MinimumVisualStudioVersion = 10.0.40219.1
Project("{FAE04EC0-301F-11D3-BF4B-00C04F79EFBC}") = "ASPA001", "ASPA001\ASPA001.csproj", "{41E9AB09-2F28-4A9A-A50F-E76C48FE0E5B}"
EndProject
Project("{FAE04EC0-301F-11D3-BF4B-00C04F79EFBC}") = "ASPA002_1", "ASPA002_1\ASPA002_1.csproj", "{06392E47-DBB9-415D-9729-97E20ED8DEFC}"
EndProject
Project("{FAE04EC0-301F-11D3-BF4B-00C04F79EFBC}") = "ASPA002_2", "ASPA002_2\ASPA002_2.csproj", "{C2340487-5412-4BFA-A2CF-18023E2EEA5C}"
EndProject
Project("{FAE04EC0-301F-11D3-BF4B-00C04F79EFBC}") = "ASPA002_3", "ASPA002_3\ASPA002_3.csproj", "{BC9B80A7-28AC-4BCD-8775-C9153F7FB4F7}"
EndProject
Project("{FAE04EC0-301F-11D3-BF4B-00C04F79EFBC}") = "DAL003", "DAL003\DAL003.csproj", "{CF389F61-9056-43AF-A84D-1BEDED3086CE}"
EndProject
Project("{FAE04EC0-301F-11D3-BF4B-00C04F79EFBC}") = "Test_DAL003", "Test_DAL003\Test_DAL003.csproj", "{601E0F24-AE5A-4D97-81EB-123247BC8E79}"
EndProject
Project("{FAE04EC0-301F-11D3-BF4B-00C04F79EFBC}") = "ASPA003", "ASPA003\ASPA003.csproj", "{F55C98F6-999B-4384-8D80-ABA919B1F1C0}"
EndProject
Project("{FAE04EC0-301F-11D3-BF4B-00C04F79EFBC}") = "DAL004", "DAL004\DAL004.csproj", "{A74EB5AF-9EBD-45CF-A25D-F1DC29886C39}"
EndProject
Project("{FAE04EC0-301F-11D3-BF4B-00C04F79EFBC}") = "Test_DAL004", "Test_DAL004\Test_DAL004.csproj", "{A03FD781-3169-4CBD-BE47-86B7D7BBA153}"
	ProjectSection(ProjectDependencies) = postProject
		{A74EB5AF-9EBD-45CF-A25D-F1DC29886C39} = {A74EB5AF-9EBD-45CF-A25D-F1DC29886C39}
	EndProjectSection
EndProject
Project("{FAE04EC0-301F-11D3-BF4B-00C04F79EFBC}") = "ASPA004_1", "ASPA004_1\ASPA004_1.csproj", "{29209E4B-D131-4827-9691-D23F572F7E3E}"
EndProject
Project("{FAE04EC0-301F-11D3-BF4B-00C04F79EFBC}") = "ASPA004_2", "ASPA004_2\ASPA004_2.csproj", "{DFA649E9-4F27-4052-AFD0-FE9AC4832F08}"
EndProject
Project("{FAE04EC0-301F-11D3-BF4B-00C04F79EFBC}") = "ASPA004_3", "ASPA004_3\ASPA004_3.csproj", "{837EB118-B438-443F-999C-56A83AD6B5DE}"
EndProject
Project("{FAE04EC0-301F-11D3-BF4B-00C04F79EFBC}") = "ASPA005_1", "ASPA005_1\ASPA005_1.csproj", "{E60D33B1-02DE-4698-BA38-E699A15285E9}"
	ProjectSection(ProjectDependencies) = postProject
		{A74EB5AF-9EBD-45CF-A25D-F1DC29886C39} = {A74EB5AF-9EBD-45CF-A25D-F1DC29886C39}
	EndProjectSection
EndProject
Project("{FAE04EC0-301F-11D3-BF4B-00C04F79EFBC}") = "ASPA005_2", "ASPA005_2\ASPA005_2.csproj", "{49FE3F89-A468-4FE1-94CF-A2E72518AE12}"
	ProjectSection(ProjectDependencies) = postProject
		{A74EB5AF-9EBD-45CF-A25D-F1DC29886C39} = {A74EB5AF-9EBD-45CF-A25D-F1DC29886C39}
	EndProjectSection
EndProject
Project("{FAE04EC0-301F-11D3-BF4B-00C04F79EFBC}") = "ASPA005_3", "ASPA005_3\ASPA005_3.csproj", "{0B091682-9439-4DB2-9F27-ED07C2853E99}"
EndProject
Project("{FAE04EC0-301F-11D3-BF4B-00C04F79EFBC}") = "Test_ASPA005_3", "Test_ASPA005_3\Test_ASPA005_3.csproj", "{43AB3CB3-BAB1-4E9F-9D5E-D56567DB8997}"
	ProjectSection(ProjectDependencies) = postProject
		{A74EB5AF-9EBD-45CF-A25D-F1DC29886C39} = {A74EB5AF-9EBD-45CF-A25D-F1DC29886C39}
	EndProjectSection
EndProject
Project("{FAE04EC0-301F-11D3-BF4B-00C04F79EFBC}") = "DAL_Celebrity", "DAL_Celebrity\DAL_Celebrity.csproj", "{E426A550-601F-48F9-AE26-B6A2A6301038}"
EndProject
Project("{FAE04EC0-301F-11D3-BF4B-00C04F79EFBC}") = "DAL_Celebrity_MSSQL", "DAL_Celebrity_MSSQL\DAL_Celebrity_MSSQL.csproj", "{32BF6278-08B5-49AD-9DFF-E98ED113D819}"
EndProject
Project("{FAE04EC0-301F-11D3-BF4B-00C04F79EFBC}") = "DAL_Celebrity_MSSQL_Test", "DAL_Celebrity_MSSQL_Test\DAL_Celebrity_MSSQL_Test.csproj", "{917D528B-BB2A-4AE1-9F0A-2C03784D16E2}"
EndProject
Project("{FAE04EC0-301F-11D3-BF4B-00C04F79EFBC}") = "ASPA006_1", "ASPA006_1\ASPA006_1.csproj", "{91A3589E-B8F6-45E0-88E1-C2482E54F3B6}"
EndProject
Project("{FAE04EC0-301F-11D3-BF4B-00C04F79EFBC}") = "ASPA007_1", "ASPA007_1\ASPA007_1.csproj", "{4EC534CE-C64F-42BE-9E57-0E801D6F6786}"
EndProject
Global
	GlobalSection(SolutionConfigurationPlatforms) = preSolution
		Debug|Any CPU = Debug|Any CPU
		Release|Any CPU = Release|Any CPU
	EndGlobalSection
	GlobalSection(ProjectConfigurationPlatforms) = postSolution
		{41E9AB09-2F28-4A9A-A50F-E76C48FE0E5B}.Debug|Any CPU.ActiveCfg = Debug|Any CPU
		{41E9AB09-2F28-4A9A-A50F-E76C48FE0E5B}.Debug|Any CPU.Build.0 = Debug|Any CPU
		{41E9AB09-2F28-4A9A-A50F-E76C48FE0E5B}.Release|Any CPU.ActiveCfg = Release|Any CPU
		{41E9AB09-2F28-4A9A-A50F-E76C48FE0E5B}.Release|Any CPU.Build.0 = Release|Any CPU
		{06392E47-DBB9-415D-9729-97E20ED8DEFC}.Debug|Any CPU.ActiveCfg = Debug|Any CPU
		{06392E47-DBB9-415D-9729-97E20ED8DEFC}.Debug|Any CPU.Build.0 = Debug|Any CPU
		{06392E47-DBB9-415D-9729-97E20ED8DEFC}.Release|Any CPU.ActiveCfg = Release|Any CPU
		{06392E47-DBB9-415D-9729-97E20ED8DEFC}.Release|Any CPU.Build.0 = Release|Any CPU
		{C2340487-5412-4BFA-A2CF-18023E2EEA5C}.Debug|Any CPU.ActiveCfg = Debug|Any CPU
		{C2340487-5412-4BFA-A2CF-18023E2EEA5C}.Debug|Any CPU.Build.0 = Debug|Any CPU
		{C2340487-5412-4BFA-A2CF-18023E2EEA5C}.Release|Any CPU.ActiveCfg = Release|Any CPU
		{C2340487-5412-4BFA-A2CF-18023E2EEA5C}.Release|Any CPU.Build.0 = Release|Any CPU
		{BC9B80A7-28AC-4BCD-8775-C9153F7FB4F7}.Debug|Any CPU.ActiveCfg = Debug|Any CPU
		{BC9B80A7-28AC-4BCD-8775-C9153F7FB4F7}.Debug|Any CPU.Build.0 = Debug|Any CPU
		{BC9B80A7-28AC-4BCD-8775-C9153F7FB4F7}.Release|Any CPU.ActiveCfg = Release|Any CPU
		{BC9B80A7-28AC-4BCD-8775-C9153F7FB4F7}.Release|Any CPU.Build.0 = Release|Any CPU
		{CF389F61-9056-43AF-A84D-1BEDED3086CE}.Debug|Any CPU.ActiveCfg = Debug|Any CPU
		{CF389F61-9056-43AF-A84D-1BEDED3086CE}.Debug|Any CPU.Build.0 = Debug|Any CPU
		{CF389F61-9056-43AF-A84D-1BEDED3086CE}.Release|Any CPU.ActiveCfg = Release|Any CPU
		{CF389F61-9056-43AF-A84D-1BEDED3086CE}.Release|Any CPU.Build.0 = Release|Any CPU
		{601E0F24-AE5A-4D97-81EB-123247BC8E79}.Debug|Any CPU.ActiveCfg = Debug|Any CPU
		{601E0F24-AE5A-4D97-81EB-123247BC8E79}.Debug|Any CPU.Build.0 = Debug|Any CPU
		{601E0F24-AE5A-4D97-81EB-123247BC8E79}.Release|Any CPU.ActiveCfg = Release|Any CPU
		{601E0F24-AE5A-4D97-81EB-123247BC8E79}.Release|Any CPU.Build.0 = Release|Any CPU
		{F55C98F6-999B-4384-8D80-ABA919B1F1C0}.Debug|Any CPU.ActiveCfg = Debug|Any CPU
		{F55C98F6-999B-4384-8D80-ABA919B1F1C0}.Debug|Any CPU.Build.0 = Debug|Any CPU
		{F55C98F6-999B-4384-8D80-ABA919B1F1C0}.Release|Any CPU.ActiveCfg = Release|Any CPU
		{F55C98F6-999B-4384-8D80-ABA919B1F1C0}.Release|Any CPU.Build.0 = Release|Any CPU
		{A74EB5AF-9EBD-45CF-A25D-F1DC29886C39}.Debug|Any CPU.ActiveCfg = Debug|Any CPU
		{A74EB5AF-9EBD-45CF-A25D-F1DC29886C39}.Debug|Any CPU.Build.0 = Debug|Any CPU
		{A74EB5AF-9EBD-45CF-A25D-F1DC29886C39}.Release|Any CPU.ActiveCfg = Release|Any CPU
		{A74EB5AF-9EBD-45CF-A25D-F1DC29886C39}.Release|Any CPU.Build.0 = Release|Any CPU
		{A03FD781-3169-4CBD-BE47-86B7D7BBA153}.Debug|Any CPU.ActiveCfg = Debug|Any CPU
		{A03FD781-3169-4CBD-BE47-86B7D7BBA153}.Debug|Any CPU.Build.0 = Debug|Any CPU
		{A03FD781-3169-4CBD-BE47-86B7D7BBA153}.Release|Any CPU.ActiveCfg = Release|Any CPU
		{A03FD781-3169-4CBD-BE47-86B7D7BBA153}.Release|Any CPU.Build.0 = Release|Any CPU
		{29209E4B-D131-4827-9691-D23F572F7E3E}.Debug|Any CPU.ActiveCfg = Debug|Any CPU
		{29209E4B-D131-4827-9691-D23F572F7E3E}.Debug|Any CPU.Build.0 = Debug|Any CPU
		{29209E4B-D131-4827-9691-D23F572F7E3E}.Release|Any CPU.ActiveCfg = Release|Any CPU
		{29209E4B-D131-4827-9691-D23F572F7E3E}.Release|Any CPU.Build.0 = Release|Any CPU
		{DFA649E9-4F27-4052-AFD0-FE9AC4832F08}.Debug|Any CPU.ActiveCfg = Debug|Any CPU
		{DFA649E9-4F27-4052-AFD0-FE9AC4832F08}.Debug|Any CPU.Build.0 = Debug|Any CPU
		{DFA649E9-4F27-4052-AFD0-FE9AC4832F08}.Release|Any CPU.ActiveCfg = Release|Any CPU
		{DFA649E9-4F27-4052-AFD0-FE9AC4832F08}.Release|Any CPU.Build.0 = Release|Any CPU
		{837EB118-B438-443F-999C-56A83AD6B5DE}.Debug|Any CPU.ActiveCfg = Debug|Any CPU
		{837EB118-B438-443F-999C-56A83AD6B5DE}.Debug|Any CPU.Build.0 = Debug|Any CPU
		{837EB118-B438-443F-999C-56A83AD6B5DE}.Release|Any CPU.ActiveCfg = Release|Any CPU
		{837EB118-B438-443F-999C-56A83AD6B5DE}.Release|Any CPU.Build.0 = Release|Any CPU
		{E60D33B1-02DE-4698-BA38-E699A15285E9}.Debug|Any CPU.ActiveCfg = Debug|Any CPU
		{E60D33B1-02DE-4698-BA38-E699A15285E9}.Debug|Any CPU.Build.0 = Debug|Any CPU
		{E60D33B1-02DE-4698-BA38-E699A15285E9}.Release|Any CPU.ActiveCfg = Release|Any CPU
		{E60D33B1-02DE-4698-BA38-E699A15285E9}.Release|Any CPU.Build.0 = Release|Any CPU
		{49FE3F89-A468-4FE1-94CF-A2E72518AE12}.Debug|Any CPU.ActiveCfg = Debug|Any CPU
		{49FE3F89-A468-4FE1-94CF-A2E72518AE12}.Debug|Any CPU.Build.0 = Debug|Any CPU
		{49FE3F89-A468-4FE1-94CF-A2E72518AE12}.Release|Any CPU.ActiveCfg = Release|Any CPU
		{49FE3F89-A468-4FE1-94CF-A2E72518AE12}.Release|Any CPU.Build.0 = Release|Any CPU
		{0B091682-9439-4DB2-9F27-ED07C2853E99}.Debug|Any CPU.ActiveCfg = Debug|Any CPU
		{0B091682-9439-4DB2-9F27-ED07C2853E99}.Debug|Any CPU.Build.0 = Debug|Any CPU
		{0B091682-9439-4DB2-9F27-ED07C2853E99}.Release|Any CPU.ActiveCfg = Release|Any CPU
		{0B091682-9439-4DB2-9F27-ED07C2853E99}.Release|Any CPU.Build.0 = Release|Any CPU
		{43AB3CB3-BAB1-4E9F-9D5E-D56567DB8997}.Debug|Any CPU.ActiveCfg = Debug|Any CPU
		{43AB3CB3-BAB1-4E9F-9D5E-D56567DB8997}.Debug|Any CPU.Build.0 = Debug|Any CPU
		{43AB3CB3-BAB1-4E9F-9D5E-D56567DB8997}.Release|Any CPU.ActiveCfg = Release|Any CPU
		{43AB3CB3-BAB1-4E9F-9D5E-D56567DB8997}.Release|Any CPU.Build.0 = Release|Any CPU
		{E426A550-601F-48F9-AE26-B6A2A6301038}.Debug|Any CPU.ActiveCfg = Debug|Any CPU
		{E426A550-601F-48F9-AE26-B6A2A6301038}.Debug|Any CPU.Build.0 = Debug|Any CPU
		{E426A550-601F-48F9-AE26-B6A2A6301038}.Release|Any CPU.ActiveCfg = Release|Any CPU
		{E426A550-601F-48F9-AE26-B6A2A6301038}.Release|Any CPU.Build.0 = Release|Any CPU
		{32BF6278-08B5-49AD-9DFF-E98ED113D819}.Debug|Any CPU.ActiveCfg = Debug|Any CPU
		{32BF6278-08B5-49AD-9DFF-E98ED113D819}.Debug|Any CPU.Build.0 = Debug|Any CPU
		{32BF6278-08B5-49AD-9DFF-E98ED113D819}.Release|Any CPU.ActiveCfg = Release|Any CPU
		{32BF6278-08B5-49AD-9DFF-E98ED113D819}.Release|Any CPU.Build.0 = Release|Any CPU
		{917D528B-BB2A-4AE1-9F0A-2C03784D16E2}.Debug|Any CPU.ActiveCfg = Debug|Any CPU
		{917D528B-BB2A-4AE1-9F0A-2C03784D16E2}.Debug|Any CPU.Build.0 = Debug|Any CPU
		{917D528B-BB2A-4AE1-9F0A-2C03784D16E2}.Release|Any CPU.ActiveCfg = Release|Any CPU
		{917D528B-BB2A-4AE1-9F0A-2C03784D16E2}.Release|Any CPU.Build.0 = Release|Any CPU
		{91A3589E-B8F6-45E0-88E1-C2482E54F3B6}.Debug|Any CPU.ActiveCfg = Debug|Any CPU
		{91A3589E-B8F6-45E0-88E1-C2482E54F3B6}.Debug|Any CPU.Build.0 = Debug|Any CPU
		{91A3589E-B8F6-45E0-88E1-C2482E54F3B6}.Release|Any CPU.ActiveCfg = Release|Any CPU
		{91A3589E-B8F6-45E0-88E1-C2482E54F3B6}.Release|Any CPU.Build.0 = Release|Any CPU
		{4EC534CE-C64F-42BE-9E57-0E801D6F6786}.Debug|Any CPU.ActiveCfg = Debug|Any CPU
		{4EC534CE-C64F-42BE-9E57-0E801D6F6786}.Debug|Any CPU.Build.0 = Debug|Any CPU
		{4EC534CE-C64F-42BE-9E57-0E801D6F6786}.Release|Any CPU.ActiveCfg = Release|Any CPU
		{4EC534CE-C64F-42BE-9E57-0E801D6F6786}.Release|Any CPU.Build.0 = Release|Any CPU
	EndGlobalSection
	GlobalSection(SolutionProperties) = preSolution
		HideSolutionNode = FALSE
	EndGlobalSection
	GlobalSection(ExtensibilityGlobals) = postSolution
		SolutionGuid = {1565BFE2-A750-47E8-B588-00914A4627C9}
	EndGlobalSection
EndGlobal
